// !$*UTF8*$!
{
	archiveVersion = 1;
	classes = {
	};
	objectVersion = 56;
	objects = {

/* Begin PBXBuildFile section */
		CB4980EE2B8276DB00311ECB /* AppDelegate.swift in Sources */ = {isa = PBXBuildFile; fileRef = CB4980ED2B8276DB00311ECB /* AppDelegate.swift */; };
		CB4980F02B8276DB00311ECB /* SceneDelegate.swift in Sources */ = {isa = PBXBuildFile; fileRef = CB4980EF2B8276DB00311ECB /* SceneDelegate.swift */; };
		CB4980F22B8276DB00311ECB /* ViewController.swift in Sources */ = {isa = PBXBuildFile; fileRef = CB4980F12B8276DB00311ECB /* ViewController.swift */; };
		CB4980F52B8276DB00311ECB /* Main.storyboard in Resources */ = {isa = PBXBuildFile; fileRef = CB4980F32B8276DB00311ECB /* Main.storyboard */; };
		CB4980F82B8276DB00311ECB /* ToDoListLab6.xcdatamodeld in Sources */ = {isa = PBXBuildFile; fileRef = CB4980F62B8276DB00311ECB /* ToDoListLab6.xcdatamodeld */; };
		CB4980FA2B8276DC00311ECB /* Assets.xcassets in Resources */ = {isa = PBXBuildFile; fileRef = CB4980F92B8276DC00311ECB /* Assets.xcassets */; };
		CB4980FD2B8276DC00311ECB /* LaunchScreen.storyboard in Resources */ = {isa = PBXBuildFile; fileRef = CB4980FB2B8276DC00311ECB /* LaunchScreen.storyboard */; };
		CB4981082B8276DC00311ECB /* ToDoListLab6Tests.swift in Sources */ = {isa = PBXBuildFile; fileRef = CB4981072B8276DC00311ECB /* ToDoListLab6Tests.swift */; };
		CB4981122B8276DC00311ECB /* ToDoListLab6UITests.swift in Sources */ = {isa = PBXBuildFile; fileRef = CB4981112B8276DC00311ECB /* ToDoListLab6UITests.swift */; };
		CB4981142B8276DC00311ECB /* ToDoListLab6UITestsLaunchTests.swift in Sources */ = {isa = PBXBuildFile; fileRef = CB4981132B8276DC00311ECB /* ToDoListLab6UITestsLaunchTests.swift */; };
/* End PBXBuildFile section */

/* Begin PBXContainerItemProxy section */
		CB4981042B8276DC00311ECB /* PBXContainerItemProxy */ = {
			isa = PBXContainerItemProxy;
			containerPortal = CB4980E22B8276DB00311ECB /* Project object */;
			proxyType = 1;
			remoteGlobalIDString = CB4980E92B8276DB00311ECB;
			remoteInfo = ToDoListLab6;
		};
		CB49810E2B8276DC00311ECB /* PBXContainerItemProxy */ = {
			isa = PBXContainerItemProxy;
			containerPortal = CB4980E22B8276DB00311ECB /* Project object */;
			proxyType = 1;
			remoteGlobalIDString = CB4980E92B8276DB00311ECB;
			remoteInfo = ToDoListLab6;
		};
/* End PBXContainerItemProxy section */

/* Begin PBXFileReference section */
		CB4980EA2B8276DB00311ECB /* ToDoListLab6.app */ = {isa = PBXFileReference; explicitFileType = wrapper.application; includeInIndex = 0; path = ToDoListLab6.app; sourceTree = BUILT_PRODUCTS_DIR; };
		CB4980ED2B8276DB00311ECB /* AppDelegate.swift */ = {isa = PBXFileReference; lastKnownFileType = sourcecode.swift; path = AppDelegate.swift; sourceTree = "<group>"; };
		CB4980EF2B8276DB00311ECB /* SceneDelegate.swift */ = {isa = PBXFileReference; lastKnownFileType = sourcecode.swift; path = SceneDelegate.swift; sourceTree = "<group>"; };
		CB4980F12B8276DB00311ECB /* ViewController.swift */ = {isa = PBXFileReference; lastKnownFileType = sourcecode.swift; path = ViewController.swift; sourceTree = "<group>"; };
		CB4980F42B8276DB00311ECB /* Base */ = {isa = PBXFileReference; lastKnownFileType = file.storyboard; name = Base; path = Base.lproj/Main.storyboard; sourceTree = "<group>"; };
		CB4980F72B8276DB00311ECB /* ToDoListLab6.xcdatamodel */ = {isa = PBXFileReference; lastKnownFileType = wrapper.xcdatamodel; path = ToDoListLab6.xcdatamodel; sourceTree = "<group>"; };
		CB4980F92B8276DC00311ECB /* Assets.xcassets */ = {isa = PBXFileReference; lastKnownFileType = folder.assetcatalog; path = Assets.xcassets; sourceTree = "<group>"; };
		CB4980FC2B8276DC00311ECB /* Base */ = {isa = PBXFileReference; lastKnownFileType = file.storyboard; name = Base; path = Base.lproj/LaunchScreen.storyboard; sourceTree = "<group>"; };
		CB4980FE2B8276DC00311ECB /* Info.plist */ = {isa = PBXFileReference; lastKnownFileType = text.plist.xml; path = Info.plist; sourceTree = "<group>"; };
		CB4981032B8276DC00311ECB /* ToDoListLab6Tests.xctest */ = {isa = PBXFileReference; explicitFileType = wrapper.cfbundle; includeInIndex = 0; path = ToDoListLab6Tests.xctest; sourceTree = BUILT_PRODUCTS_DIR; };
		CB4981072B8276DC00311ECB /* ToDoListLab6Tests.swift */ = {isa = PBXFileReference; lastKnownFileType = sourcecode.swift; path = ToDoListLab6Tests.swift; sourceTree = "<group>"; };
		CB49810D2B8276DC00311ECB /* ToDoListLab6UITests.xctest */ = {isa = PBXFileReference; explicitFileType = wrapper.cfbundle; includeInIndex = 0; path = ToDoListLab6UITests.xctest; sourceTree = BUILT_PRODUCTS_DIR; };
		CB4981112B8276DC00311ECB /* ToDoListLab6UITests.swift */ = {isa = PBXFileReference; lastKnownFileType = sourcecode.swift; path = ToDoListLab6UITests.swift; sourceTree = "<group>"; };
		CB4981132B8276DC00311ECB /* ToDoListLab6UITestsLaunchTests.swift */ = {isa = PBXFileReference; lastKnownFileType = sourcecode.swift; path = ToDoListLab6UITestsLaunchTests.swift; sourceTree = "<group>"; };
/* End PBXFileReference section */

/* Begin PBXFrameworksBuildPhase section */
		CB4980E72B8276DB00311ECB /* Frameworks */ = {
			isa = PBXFrameworksBuildPhase;
			buildActionMask = 2147483647;
			files = (
			);
			runOnlyForDeploymentPostprocessing = 0;
		};
		CB4981002B8276DC00311ECB /* Frameworks */ = {
			isa = PBXFrameworksBuildPhase;
			buildActionMask = 2147483647;
			files = (
			);
			runOnlyForDeploymentPostprocessing = 0;
		};
		CB49810A2B8276DC00311ECB /* Frameworks */ = {
			isa = PBXFrameworksBuildPhase;
			buildActionMask = 2147483647;
			files = (
			);
			runOnlyForDeploymentPostprocessing = 0;
		};
/* End PBXFrameworksBuildPhase section */

/* Begin PBXGroup section */
		CB4980E12B8276DB00311ECB = {
			isa = PBXGroup;
			children = (
				CB4980EC2B8276DB00311ECB /* ToDoListLab6 */,
				CB4981062B8276DC00311ECB /* ToDoListLab6Tests */,
				CB4981102B8276DC00311ECB /* ToDoListLab6UITests */,
				CB4980EB2B8276DB00311ECB /* Products */,
			);
			sourceTree = "<group>";
		};
		CB4980EB2B8276DB00311ECB /* Products */ = {
			isa = PBXGroup;
			children = (
				CB4980EA2B8276DB00311ECB /* ToDoListLab6.app */,
				CB4981032B8276DC00311ECB /* ToDoListLab6Tests.xctest */,
				CB49810D2B8276DC00311ECB /* ToDoListLab6UITests.xctest */,
			);
			name = Products;
			sourceTree = "<group>";
		};
		CB4980EC2B8276DB00311ECB /* ToDoListLab6 */ = {
			isa = PBXGroup;
			children = (
				CB4980ED2B8276DB00311ECB /* AppDelegate.swift */,
				CB4980EF2B8276DB00311ECB /* SceneDelegate.swift */,
				CB4980F12B8276DB00311ECB /* ViewController.swift */,
				CB4980F32B8276DB00311ECB /* Main.storyboard */,
				CB4980F92B8276DC00311ECB /* Assets.xcassets */,
				CB4980FB2B8276DC00311ECB /* LaunchScreen.storyboard */,
				CB4980FE2B8276DC00311ECB /* Info.plist */,
				CB4980F62B8276DB00311ECB /* ToDoListLab6.xcdatamodeld */,
			);
			path = ToDoListLab6;
			sourceTree = "<group>";
		};
		CB4981062B8276DC00311ECB /* ToDoListLab6Tests */ = {
			isa = PBXGroup;
			children = (
				CB4981072B8276DC00311ECB /* ToDoListLab6Tests.swift */,
			);
			path = ToDoListLab6Tests;
			sourceTree = "<group>";
		};
		CB4981102B8276DC00311ECB /* ToDoListLab6UITests */ = {
			isa = PBXGroup;
			children = (
				CB4981112B8276DC00311ECB /* ToDoListLab6UITests.swift */,
				CB4981132B8276DC00311ECB /* ToDoListLab6UITestsLaunchTests.swift */,
			);
			path = ToDoListLab6UITests;
			sourceTree = "<group>";
		};
/* End PBXGroup section */

/* Begin PBXNativeTarget section */
		CB4980E92B8276DB00311ECB /* ToDoListLab6 */ = {
			isa = PBXNativeTarget;
			buildConfigurationList = CB4981172B8276DC00311ECB /* Build configuration list for PBXNativeTarget "ToDoListLab6" */;
			buildPhases = (
				CB4980E62B8276DB00311ECB /* Sources */,
				CB4980E72B8276DB00311ECB /* Frameworks */,
				CB4980E82B8276DB00311ECB /* Resources */,
			);
			buildRules = (
			);
			dependencies = (
			);
			name = ToDoListLab6;
			productName = ToDoListLab6;
			productReference = CB4980EA2B8276DB00311ECB /* ToDoListLab6.app */;
			productType = "com.apple.product-type.application";
		};
		CB4981022B8276DC00311ECB /* ToDoListLab6Tests */ = {
			isa = PBXNativeTarget;
			buildConfigurationList = CB49811A2B8276DC00311ECB /* Build configuration list for PBXNativeTarget "ToDoListLab6Tests" */;
			buildPhases = (
				CB4980FF2B8276DC00311ECB /* Sources */,
				CB4981002B8276DC00311ECB /* Frameworks */,
				CB4981012B8276DC00311ECB /* Resources */,
			);
			buildRules = (
			);
			dependencies = (
				CB4981052B8276DC00311ECB /* PBXTargetDependency */,
			);
			name = ToDoListLab6Tests;
			productName = ToDoListLab6Tests;
			productReference = CB4981032B8276DC00311ECB /* ToDoListLab6Tests.xctest */;
			productType = "com.apple.product-type.bundle.unit-test";
		};
		CB49810C2B8276DC00311ECB /* ToDoListLab6UITests */ = {
			isa = PBXNativeTarget;
			buildConfigurationList = CB49811D2B8276DC00311ECB /* Build configuration list for PBXNativeTarget "ToDoListLab6UITests" */;
			buildPhases = (
				CB4981092B8276DC00311ECB /* Sources */,
				CB49810A2B8276DC00311ECB /* Frameworks */,
				CB49810B2B8276DC00311ECB /* Resources */,
			);
			buildRules = (
			);
			dependencies = (
				CB49810F2B8276DC00311ECB /* PBXTargetDependency */,
			);
			name = ToDoListLab6UITests;
			productName = ToDoListLab6UITests;
			productReference = CB49810D2B8276DC00311ECB /* ToDoListLab6UITests.xctest */;
			productType = "com.apple.product-type.bundle.ui-testing";
		};
/* End PBXNativeTarget section */

/* Begin PBXProject section */
		CB4980E22B8276DB00311ECB /* Project object */ = {
			isa = PBXProject;
			attributes = {
				BuildIndependentTargetsInParallel = 1;
				LastSwiftUpdateCheck = 1420;
				LastUpgradeCheck = 1420;
				TargetAttributes = {
					CB4980E92B8276DB00311ECB = {
						CreatedOnToolsVersion = 14.2;
					};
					CB4981022B8276DC00311ECB = {
						CreatedOnToolsVersion = 14.2;
						TestTargetID = CB4980E92B8276DB00311ECB;
					};
					CB49810C2B8276DC00311ECB = {
						CreatedOnToolsVersion = 14.2;
						TestTargetID = CB4980E92B8276DB00311ECB;
					};
				};
			};
			buildConfigurationList = CB4980E52B8276DB00311ECB /* Build configuration list for PBXProject "ToDoListLab6" */;
			compatibilityVersion = "Xcode 14.0";
			developmentRegion = en;
			hasScannedForEncodings = 0;
			knownRegions = (
				en,
				Base,
			);
			mainGroup = CB4980E12B8276DB00311ECB;
			productRefGroup = CB4980EB2B8276DB00311ECB /* Products */;
			projectDirPath = "";
			projectRoot = "";
			targets = (
				CB4980E92B8276DB00311ECB /* ToDoListLab6 */,
				CB4981022B8276DC00311ECB /* ToDoListLab6Tests */,
				CB49810C2B8276DC00311ECB /* ToDoListLab6UITests */,
			);
		};
/* End PBXProject section */

/* Begin PBXResourcesBuildPhase section */
		CB4980E82B8276DB00311ECB /* Resources */ = {
			isa = PBXResourcesBuildPhase;
			buildActionMask = 2147483647;
			files = (
				CB4980FD2B8276DC00311ECB /* LaunchScreen.storyboard in Resources */,
				CB4980FA2B8276DC00311ECB /* Assets.xcassets in Resources */,
				CB4980F52B8276DB00311ECB /* Main.storyboard in Resources */,
			);
			runOnlyForDeploymentPostprocessing = 0;
		};
		CB4981012B8276DC00311ECB /* Resources */ = {
			isa = PBXResourcesBuildPhase;
			buildActionMask = 2147483647;
			files = (
			);
			runOnlyForDeploymentPostprocessing = 0;
		};
		CB49810B2B8276DC00311ECB /* Resources */ = {
			isa = PBXResourcesBuildPhase;
			buildActionMask = 2147483647;
			files = (
			);
			runOnlyForDeploymentPostprocessing = 0;
		};
/* End PBXResourcesBuildPhase section */

/* Begin PBXSourcesBuildPhase section */
		CB4980E62B8276DB00311ECB /* Sources */ = {
			isa = PBXSourcesBuildPhase;
			buildActionMask = 2147483647;
			files = (
				CB4980F82B8276DB00311ECB /* ToDoListLab6.xcdatamodeld in Sources */,
				CB4980F22B8276DB00311ECB /* ViewController.swift in Sources */,
				CB4980EE2B8276DB00311ECB /* AppDelegate.swift in Sources */,
				CB4980F02B8276DB00311ECB /* SceneDelegate.swift in Sources */,
			);
			runOnlyForDeploymentPostprocessing = 0;
		};
		CB4980FF2B8276DC00311ECB /* Sources */ = {
			isa = PBXSourcesBuildPhase;
			buildActionMask = 2147483647;
			files = (
				CB4981082B8276DC00311ECB /* ToDoListLab6Tests.swift in Sources */,
			);
			runOnlyForDeploymentPostprocessing = 0;
		};
		CB4981092B8276DC00311ECB /* Sources */ = {
			isa = PBXSourcesBuildPhase;
			buildActionMask = 2147483647;
			files = (
				CB4981122B8276DC00311ECB /* ToDoListLab6UITests.swift in Sources */,
				CB4981142B8276DC00311ECB /* ToDoListLab6UITestsLaunchTests.swift in Sources */,
			);
			runOnlyForDeploymentPostprocessing = 0;
		};
/* End PBXSourcesBuildPhase section */

/* Begin PBXTargetDependency section */
		CB4981052B8276DC00311ECB /* PBXTargetDependency */ = {
			isa = PBXTargetDependency;
			target = CB4980E92B8276DB00311ECB /* ToDoListLab6 */;
			targetProxy = CB4981042B8276DC00311ECB /* PBXContainerItemProxy */;
		};
		CB49810F2B8276DC00311ECB /* PBXTargetDependency */ = {
			isa = PBXTargetDependency;
			target = CB4980E92B8276DB00311ECB /* ToDoListLab6 */;
			targetProxy = CB49810E2B8276DC00311ECB /* PBXContainerItemProxy */;
		};
/* End PBXTargetDependency section */

/* Begin PBXVariantGroup section */
		CB4980F32B8276DB00311ECB /* Main.storyboard */ = {
			isa = PBXVariantGroup;
			children = (
				CB4980F42B8276DB00311ECB /* Base */,
			);
			name = Main.storyboard;
			sourceTree = "<group>";
		};
		CB4980FB2B8276DC00311ECB /* LaunchScreen.storyboard */ = {
			isa = PBXVariantGroup;
			children = (
				CB4980FC2B8276DC00311ECB /* Base */,
			);
			name = LaunchScreen.storyboard;
			sourceTree = "<group>";
		};
/* End PBXVariantGroup section */

/* Begin XCBuildConfiguration section */
		CB4981152B8276DC00311ECB /* Debug */ = {
			isa = XCBuildConfiguration;
			buildSettings = {
				ALWAYS_SEARCH_USER_PATHS = NO;
				CLANG_ANALYZER_NONNULL = YES;
				CLANG_ANALYZER_NUMBER_OBJECT_CONVERSION = YES_AGGRESSIVE;
				CLANG_CXX_LANGUAGE_STANDARD = "gnu++20";
				CLANG_ENABLE_MODULES = YES;
				CLANG_ENABLE_OBJC_ARC = YES;
				CLANG_ENABLE_OBJC_WEAK = YES;
				CLANG_WARN_BLOCK_CAPTURE_AUTORELEASING = YES;
				CLANG_WARN_BOOL_CONVERSION = YES;
				CLANG_WARN_COMMA = YES;
				CLANG_WARN_CONSTANT_CONVERSION = YES;
				CLANG_WARN_DEPRECATED_OBJC_IMPLEMENTATIONS = YES;
				CLANG_WARN_DIRECT_OBJC_ISA_USAGE = YES_ERROR;
				CLANG_WARN_DOCUMENTATION_COMMENTS = YES;
				CLANG_WARN_EMPTY_BODY = YES;
				CLANG_WARN_ENUM_CONVERSION = YES;
				CLANG_WARN_INFINITE_RECURSION = YES;
				CLANG_WARN_INT_CONVERSION = YES;
				CLANG_WARN_NON_LITERAL_NULL_CONVERSION = YES;
				CLANG_WARN_OBJC_IMPLICIT_RETAIN_SELF = YES;
				CLANG_WARN_OBJC_LITERAL_CONVERSION = YES;
				CLANG_WARN_OBJC_ROOT_CLASS = YES_ERROR;
				CLANG_WARN_QUOTED_INCLUDE_IN_FRAMEWORK_HEADER = YES;
				CLANG_WARN_RANGE_LOOP_ANALYSIS = YES;
				CLANG_WARN_STRICT_PROTOTYPES = YES;
				CLANG_WARN_SUSPICIOUS_MOVE = YES;
				CLANG_WARN_UNGUARDED_AVAILABILITY = YES_AGGRESSIVE;
				CLANG_WARN_UNREACHABLE_CODE = YES;
				CLANG_WARN__DUPLICATE_METHOD_MATCH = YES;
				COPY_PHASE_STRIP = NO;
				DEBUG_INFORMATION_FORMAT = dwarf;
				ENABLE_STRICT_OBJC_MSGSEND = YES;
				ENABLE_TESTABILITY = YES;
				GCC_C_LANGUAGE_STANDARD = gnu11;
				GCC_DYNAMIC_NO_PIC = NO;
				GCC_NO_COMMON_BLOCKS = YES;
				GCC_OPTIMIZATION_LEVEL = 0;
				GCC_PREPROCESSOR_DEFINITIONS = (
					"DEBUG=1",
					"$(inherited)",
				);
				GCC_WARN_64_TO_32_BIT_CONVERSION = YES;
				GCC_WARN_ABOUT_RETURN_TYPE = YES_ERROR;
				GCC_WARN_UNDECLARED_SELECTOR = YES;
				GCC_WARN_UNINITIALIZED_AUTOS = YES_AGGRESSIVE;
				GCC_WARN_UNUSED_FUNCTION = YES;
				GCC_WARN_UNUSED_VARIABLE = YES;
				IPHONEOS_DEPLOYMENT_TARGET = 16.2;
				MTL_ENABLE_DEBUG_INFO = INCLUDE_SOURCE;
				MTL_FAST_MATH = YES;
				ONLY_ACTIVE_ARCH = YES;
				SDKROOT = iphoneos;
				SWIFT_ACTIVE_COMPILATION_CONDITIONS = DEBUG;
				SWIFT_OPTIMIZATION_LEVEL = "-Onone";
			};
			name = Debug;
		};
		CB4981162B8276DC00311ECB /* Release */ = {
			isa = XCBuildConfiguration;
			buildSettings = {
				ALWAYS_SEARCH_USER_PATHS = NO;
				CLANG_ANALYZER_NONNULL = YES;
				CLANG_ANALYZER_NUMBER_OBJECT_CONVERSION = YES_AGGRESSIVE;
				CLANG_CXX_LANGUAGE_STANDARD = "gnu++20";
				CLANG_ENABLE_MODULES = YES;
				CLANG_ENABLE_OBJC_ARC = YES;
				CLANG_ENABLE_OBJC_WEAK = YES;
				CLANG_WARN_BLOCK_CAPTURE_AUTORELEASING = YES;
				CLANG_WARN_BOOL_CONVERSION = YES;
				CLANG_WARN_COMMA = YES;
				CLANG_WARN_CONSTANT_CONVERSION = YES;
				CLANG_WARN_DEPRECATED_OBJC_IMPLEMENTATIONS = YES;
				CLANG_WARN_DIRECT_OBJC_ISA_USAGE = YES_ERROR;
				CLANG_WARN_DOCUMENTATION_COMMENTS = YES;
				CLANG_WARN_EMPTY_BODY = YES;
				CLANG_WARN_ENUM_CONVERSION = YES;
				CLANG_WARN_INFINITE_RECURSION = YES;
				CLANG_WARN_INT_CONVERSION = YES;
				CLANG_WARN_NON_LITERAL_NULL_CONVERSION = YES;
				CLANG_WARN_OBJC_IMPLICIT_RETAIN_SELF = YES;
				CLANG_WARN_OBJC_LITERAL_CONVERSION = YES;
				CLANG_WARN_OBJC_ROOT_CLASS = YES_ERROR;
				CLANG_WARN_QUOTED_INCLUDE_IN_FRAMEWORK_HEADER = YES;
				CLANG_WARN_RANGE_LOOP_ANALYSIS = YES;
				CLANG_WARN_STRICT_PROTOTYPES = YES;
				CLANG_WARN_SUSPICIOUS_MOVE = YES;
				CLANG_WARN_UNGUARDED_AVAILABILITY = YES_AGGRESSIVE;
				CLANG_WARN_UNREACHABLE_CODE = YES;
				CLANG_WARN__DUPLICATE_METHOD_MATCH = YES;
				COPY_PHASE_STRIP = NO;
				DEBUG_INFORMATION_FORMAT = "dwarf-with-dsym";
				ENABLE_NS_ASSERTIONS = NO;
				ENABLE_STRICT_OBJC_MSGSEND = YES;
				GCC_C_LANGUAGE_STANDARD = gnu11;
				GCC_NO_COMMON_BLOCKS = YES;
				GCC_WARN_64_TO_32_BIT_CONVERSION = YES;
				GCC_WARN_ABOUT_RETURN_TYPE = YES_ERROR;
				GCC_WARN_UNDECLARED_SELECTOR = YES;
				GCC_WARN_UNINITIALIZED_AUTOS = YES_AGGRESSIVE;
				GCC_WARN_UNUSED_FUNCTION = YES;
				GCC_WARN_UNUSED_VARIABLE = YES;
				IPHONEOS_DEPLOYMENT_TARGET = 16.2;
				MTL_ENABLE_DEBUG_INFO = NO;
				MTL_FAST_MATH = YES;
				SDKROOT = iphoneos;
				SWIFT_COMPILATION_MODE = wholemodule;
				SWIFT_OPTIMIZATION_LEVEL = "-O";
				VALIDATE_PRODUCT = YES;
			};
			name = Release;
		};
		CB4981182B8276DC00311ECB /* Debug */ = {
			isa = XCBuildConfiguration;
			buildSettings = {
				ASSETCATALOG_COMPILER_APPICON_NAME = AppIcon;
				ASSETCATALOG_COMPILER_GLOBAL_ACCENT_COLOR_NAME = AccentColor;
				CODE_SIGN_STYLE = Automatic;
				CURRENT_PROJECT_VERSION = 1;
				GENERATE_INFOPLIST_FILE = YES;
				INFOPLIST_FILE = ToDoListLab6/Info.plist;
				INFOPLIST_KEY_UIApplicationSupportsIndirectInputEvents = YES;
				INFOPLIST_KEY_UILaunchStoryboardName = LaunchScreen;
				INFOPLIST_KEY_UIMainStoryboardFile = Main;
				INFOPLIST_KEY_UISupportedInterfaceOrientations_iPad = "UIInterfaceOrientationPortrait UIInterfaceOrientationPortraitUpsideDown UIInterfaceOrientationLandscapeLeft UIInterfaceOrientationLandscapeRight";
				INFOPLIST_KEY_UISupportedInterfaceOrientations_iPhone = "UIInterfaceOrientationPortrait UIInterfaceOrientationLandscapeLeft UIInterfaceOrientationLandscapeRight";
				LD_RUNPATH_SEARCH_PATHS = (
					"$(inherited)",
					"@executable_path/Frameworks",
				);
				MARKETING_VERSION = 1.0;
				PRODUCT_BUNDLE_IDENTIFIER = com.conestoga.ToDoListLab6;
				PRODUCT_NAME = "$(TARGET_NAME)";
				SWIFT_EMIT_LOC_STRINGS = YES;
				SWIFT_VERSION = 5.0;
				TARGETED_DEVICE_FAMILY = "1,2";
			};
			name = Debug;
		};
		CB4981192B8276DC00311ECB /* Release */ = {
			isa = XCBuildConfiguration;
			buildSettings = {
				ASSETCATALOG_COMPILER_APPICON_NAME = AppIcon;
				ASSETCATALOG_COMPILER_GLOBAL_ACCENT_COLOR_NAME = AccentColor;
				CODE_SIGN_STYLE = Automatic;
				CURRENT_PROJECT_VERSION = 1;
				GENERATE_INFOPLIST_FILE = YES;
				INFOPLIST_FILE = ToDoListLab6/Info.plist;
				INFOPLIST_KEY_UIApplicationSupportsIndirectInputEvents = YES;
				INFOPLIST_KEY_UILaunchStoryboardName = LaunchScreen;
				INFOPLIST_KEY_UIMainStoryboardFile = Main;
				INFOPLIST_KEY_UISupportedInterfaceOrientations_iPad = "UIInterfaceOrientationPortrait UIInterfaceOrientationPortraitUpsideDown UIInterfaceOrientationLandscapeLeft UIInterfaceOrientationLandscapeRight";
				INFOPLIST_KEY_UISupportedInterfaceOrientations_iPhone = "UIInterfaceOrientationPortrait UIInterfaceOrientationLandscapeLeft UIInterfaceOrientationLandscapeRight";
				LD_RUNPATH_SEARCH_PATHS = (
					"$(inherited)",
					"@executable_path/Frameworks",
				);
				MARKETING_VERSION = 1.0;
				PRODUCT_BUNDLE_IDENTIFIER = com.conestoga.ToDoListLab6;
				PRODUCT_NAME = "$(TARGET_NAME)";
				SWIFT_EMIT_LOC_STRINGS = YES;
				SWIFT_VERSION = 5.0;
				TARGETED_DEVICE_FAMILY = "1,2";
			};
			name = Release;
		};
		CB49811B2B8276DC00311ECB /* Debug */ = {
			isa = XCBuildConfiguration;
			buildSettings = {
				ALWAYS_EMBED_SWIFT_STANDARD_LIBRARIES = YES;
				BUNDLE_LOADER = "$(TEST_HOST)";
				CODE_SIGN_STYLE = Automatic;
				CURRENT_PROJECT_VERSION = 1;
				GENERATE_INFOPLIST_FILE = YES;
				IPHONEOS_DEPLOYMENT_TARGET = 16.2;
				MARKETING_VERSION = 1.0;
				PRODUCT_BUNDLE_IDENTIFIER = com.conestoga.ToDoListLab6Tests;
				PRODUCT_NAME = "$(TARGET_NAME)";
				SWIFT_EMIT_LOC_STRINGS = NO;
				SWIFT_VERSION = 5.0;
				TARGETED_DEVICE_FAMILY = "1,2";
				TEST_HOST = "$(BUILT_PRODUCTS_DIR)/ToDoListLab6.app/$(BUNDLE_EXECUTABLE_FOLDER_PATH)/ToDoListLab6";
			};
			name = Debug;
		};
		CB49811C2B8276DC00311ECB /* Release */ = {
			isa = XCBuildConfiguration;
			buildSettings = {
				ALWAYS_EMBED_SWIFT_STANDARD_LIBRARIES = YES;
				BUNDLE_LOADER = "$(TEST_HOST)";
				CODE_SIGN_STYLE = Automatic;
				CURRENT_PROJECT_VERSION = 1;
				GENERATE_INFOPLIST_FILE = YES;
				IPHONEOS_DEPLOYMENT_TARGET = 16.2;
				MARKETING_VERSION = 1.0;
				PRODUCT_BUNDLE_IDENTIFIER = com.conestoga.ToDoListLab6Tests;
				PRODUCT_NAME = "$(TARGET_NAME)";
				SWIFT_EMIT_LOC_STRINGS = NO;
				SWIFT_VERSION = 5.0;
				TARGETED_DEVICE_FAMILY = "1,2";
				TEST_HOST = "$(BUILT_PRODUCTS_DIR)/ToDoListLab6.app/$(BUNDLE_EXECUTABLE_FOLDER_PATH)/ToDoListLab6";
			};
			name = Release;
		};
		CB49811E2B8276DC00311ECB /* Debug */ = {
			isa = XCBuildConfiguration;
			buildSettings = {
				ALWAYS_EMBED_SWIFT_STANDARD_LIBRARIES = YES;
				CODE_SIGN_STYLE = Automatic;
				CURRENT_PROJECT_VERSION = 1;
				GENERATE_INFOPLIST_FILE = YES;
				MARKETING_VERSION = 1.0;
				PRODUCT_BUNDLE_IDENTIFIER = com.conestoga.ToDoListLab6UITests;
				PRODUCT_NAME = "$(TARGET_NAME)";
				SWIFT_EMIT_LOC_STRINGS = NO;
				SWIFT_VERSION = 5.0;
				TARGETED_DEVICE_FAMILY = "1,2";
				TEST_TARGET_NAME = ToDoListLab6;
			};
			name = Debug;
		};
		CB49811F2B8276DC00311ECB /* Release */ = {
			isa = XCBuildConfiguration;
			buildSettings = {
				ALWAYS_EMBED_SWIFT_STANDARD_LIBRARIES = YES;
				CODE_SIGN_STYLE = Automatic;
				CURRENT_PROJECT_VERSION = 1;
				GENERATE_INFOPLIST_FILE = YES;
				MARKETING_VERSION = 1.0;
				PRODUCT_BUNDLE_IDENTIFIER = com.conestoga.ToDoListLab6UITests;
				PRODUCT_NAME = "$(TARGET_NAME)";
				SWIFT_EMIT_LOC_STRINGS = NO;
				SWIFT_VERSION = 5.0;
				TARGETED_DEVICE_FAMILY = "1,2";
				TEST_TARGET_NAME = ToDoListLab6;
			};
			name = Release;
		};
/* End XCBuildConfiguration section */

/* Begin XCConfigurationList section */
		CB4980E52B8276DB00311ECB /* Build configuration list for PBXProject "ToDoListLab6" */ = {
			isa = XCConfigurationList;
			buildConfigurations = (
				CB4981152B8276DC00311ECB /* Debug */,
				CB4981162B8276DC00311ECB /* Release */,
			);
			defaultConfigurationIsVisible = 0;
			defaultConfigurationName = Release;
		};
		CB4981172B8276DC00311ECB /* Build configuration list for PBXNativeTarget "ToDoListLab6" */ = {
			isa = XCConfigurationList;
			buildConfigurations = (
				CB4981182B8276DC00311ECB /* Debug */,
				CB4981192B8276DC00311ECB /* Release */,
			);
			defaultConfigurationIsVisible = 0;
			defaultConfigurationName = Release;
		};
		CB49811A2B8276DC00311ECB /* Build configuration list for PBXNativeTarget "ToDoListLab6Tests" */ = {
			isa = XCConfigurationList;
			buildConfigurations = (
				CB49811B2B8276DC00311ECB /* Debug */,
				CB49811C2B8276DC00311ECB /* Release */,
			);
			defaultConfigurationIsVisible = 0;
			defaultConfigurationName = Release;
		};
		CB49811D2B8276DC00311ECB /* Build configuration list for PBXNativeTarget "ToDoListLab6UITests" */ = {
			isa = XCConfigurationList;
			buildConfigurations = (
				CB49811E2B8276DC00311ECB /* Debug */,
				CB49811F2B8276DC00311ECB /* Release */,
			);
			defaultConfigurationIsVisible = 0;
			defaultConfigurationName = Release;
		};
/* End XCConfigurationList section */

/* Begin XCVersionGroup section */
		CB4980F62B8276DB00311ECB /* ToDoListLab6.xcdatamodeld */ = {
			isa = XCVersionGroup;
			children = (
				CB4980F72B8276DB00311ECB /* ToDoListLab6.xcdatamodel */,
			);
			currentVersion = CB4980F72B8276DB00311ECB /* ToDoListLab6.xcdatamodel */;
			path = ToDoListLab6.xcdatamodeld;
			sourceTree = "<group>";
			versionGroupType = wrapper.xcdatamodel;
		};
/* End XCVersionGroup section */
	};
	rootObject = CB4980E22B8276DB00311ECB /* Project object */;
}
